
Microsoft Visual Studio Solution File, Format Version 12.00
# Visual Studio Version 17
VisualStudioVersion = 17.10.34928.147
MinimumVisualStudioVersion = 10.0.40219.1
Project("{FAE04EC0-301F-11D3-BF4B-00C04F79EFBC}") = "FurnitureShop", "FurnitureShop\FurnitureShop.csproj", "{A97F2A47-2B32-42FD-BEAB-A3A913428EE0}"
EndProject
Global
	GlobalSection(SolutionConfigurationPlatforms) = preSolution
		Debug|Any CPU = Debug|Any CPU
		Release|Any CPU = Release|Any CPU
	EndGlobalSection
	GlobalSection(ProjectConfigurationPlatforms) = postSolution
		{A97F2A47-2B32-42FD-BEAB-A3A913428EE0}.Debug|Any CPU.ActiveCfg = Debug|Any CPU
		{A97F2A47-2B32-42FD-BEAB-A3A913428EE0}.Debug|Any CPU.Build.0 = Debug|Any CPU
		{A97F2A47-2B32-42FD-BEAB-A3A913428EE0}.Release|Any CPU.ActiveCfg = Release|Any CPU
		{A97F2A47-2B32-42FD-BEAB-A3A913428EE0}.Release|Any CPU.Build.0 = Release|Any CPU
	EndGlobalSection
	GlobalSection(SolutionProperties) = preSolution
		HideSolutionNode = FALSE
	EndGlobalSection
	GlobalSection(ExtensibilityGlobals) = postSolution
		SolutionGuid = {BF4678EF-4891-4729-B7E8-F6DE630BA637}
	EndGlobalSection
EndGlobal
